// !$*UTF8*$!
{
	archiveVersion = 1;
	classes = {
	};
	objectVersion = 48;
	objects = {

/* Begin PBXBuildFile section */
		F06E26F71FAFE0680070CC05 /* AppDelegate.swift in Sources */ = {isa = PBXBuildFile; fileRef = F06E26F61FAFE0680070CC05 /* AppDelegate.swift */; };
		F06E26FC1FAFE0680070CC05 /* Main.storyboard in Resources */ = {isa = PBXBuildFile; fileRef = F06E26FA1FAFE0680070CC05 /* Main.storyboard */; };
		F06E26FE1FAFE0680070CC05 /* Assets.xcassets in Resources */ = {isa = PBXBuildFile; fileRef = F06E26FD1FAFE0680070CC05 /* Assets.xcassets */; };
		F06E27011FAFE0680070CC05 /* LaunchScreen.storyboard in Resources */ = {isa = PBXBuildFile; fileRef = F06E26FF1FAFE0680070CC05 /* LaunchScreen.storyboard */; };
		F06E270B1FAFEFF60070CC05 /* QuizCell.swift in Sources */ = {isa = PBXBuildFile; fileRef = F06E270A1FAFEFF60070CC05 /* QuizCell.swift */; };
		F06E270D1FAFF10A0070CC05 /* QuizTableViewController.swift in Sources */ = {isa = PBXBuildFile; fileRef = F06E270C1FAFF10A0070CC05 /* QuizTableViewController.swift */; };
		F06E270F1FAFF54E0070CC05 /* Quiz.swift in Sources */ = {isa = PBXBuildFile; fileRef = F06E270E1FAFF54E0070CC05 /* Quiz.swift */; };
		F09A0D7B1FB004A700E96A2F /* ViewController.swift in Sources */ = {isa = PBXBuildFile; fileRef = F09A0D7A1FB004A700E96A2F /* ViewController.swift */; };
/* End PBXBuildFile section */

/* Begin PBXFileReference section */
		F06E26F31FAFE0680070CC05 /* iQuiz.app */ = {isa = PBXFileReference; explicitFileType = wrapper.application; includeInIndex = 0; path = iQuiz.app; sourceTree = BUILT_PRODUCTS_DIR; };
		F06E26F61FAFE0680070CC05 /* AppDelegate.swift */ = {isa = PBXFileReference; lastKnownFileType = sourcecode.swift; path = AppDelegate.swift; sourceTree = "<group>"; };
		F06E26FB1FAFE0680070CC05 /* Base */ = {isa = PBXFileReference; lastKnownFileType = file.storyboard; name = Base; path = Base.lproj/Main.storyboard; sourceTree = "<group>"; };
		F06E26FD1FAFE0680070CC05 /* Assets.xcassets */ = {isa = PBXFileReference; lastKnownFileType = folder.assetcatalog; path = Assets.xcassets; sourceTree = "<group>"; };
		F06E27001FAFE0680070CC05 /* Base */ = {isa = PBXFileReference; lastKnownFileType = file.storyboard; name = Base; path = Base.lproj/LaunchScreen.storyboard; sourceTree = "<group>"; };
		F06E27021FAFE0680070CC05 /* Info.plist */ = {isa = PBXFileReference; lastKnownFileType = text.plist.xml; path = Info.plist; sourceTree = "<group>"; };
		F06E270A1FAFEFF60070CC05 /* QuizCell.swift */ = {isa = PBXFileReference; lastKnownFileType = sourcecode.swift; path = QuizCell.swift; sourceTree = "<group>"; };
		F06E270C1FAFF10A0070CC05 /* QuizTableViewController.swift */ = {isa = PBXFileReference; lastKnownFileType = sourcecode.swift; path = QuizTableViewController.swift; sourceTree = "<group>"; };
		F06E270E1FAFF54E0070CC05 /* Quiz.swift */ = {isa = PBXFileReference; lastKnownFileType = sourcecode.swift; path = Quiz.swift; sourceTree = "<group>"; };
		F09A0D7A1FB004A700E96A2F /* ViewController.swift */ = {isa = PBXFileReference; lastKnownFileType = sourcecode.swift; path = ViewController.swift; sourceTree = "<group>"; };
/* End PBXFileReference section */

/* Begin PBXFrameworksBuildPhase section */
		F06E26F01FAFE0680070CC05 /* Frameworks */ = {
			isa = PBXFrameworksBuildPhase;
			buildActionMask = 2147483647;
			files = (
			);
			runOnlyForDeploymentPostprocessing = 0;
		};
/* End PBXFrameworksBuildPhase section */

/* Begin PBXGroup section */
		F06E26EA1FAFE0680070CC05 = {
			isa = PBXGroup;
			children = (
				F06E26F51FAFE0680070CC05 /* iQuiz */,
				F06E26F41FAFE0680070CC05 /* Products */,
			);
			sourceTree = "<group>";
		};
		F06E26F41FAFE0680070CC05 /* Products */ = {
			isa = PBXGroup;
			children = (
				F06E26F31FAFE0680070CC05 /* iQuiz.app */,
			);
			name = Products;
			sourceTree = "<group>";
		};
		F06E26F51FAFE0680070CC05 /* iQuiz */ = {
			isa = PBXGroup;
			children = (
				F06E270A1FAFEFF60070CC05 /* QuizCell.swift */,
				F06E26F61FAFE0680070CC05 /* AppDelegate.swift */,
				F06E26FA1FAFE0680070CC05 /* Main.storyboard */,
				F06E270C1FAFF10A0070CC05 /* QuizTableViewController.swift */,
				F09A0D7A1FB004A700E96A2F /* ViewController.swift */,
				F06E270E1FAFF54E0070CC05 /* Quiz.swift */,
				F06E26FD1FAFE0680070CC05 /* Assets.xcassets */,
				F06E26FF1FAFE0680070CC05 /* LaunchScreen.storyboard */,
				F06E27021FAFE0680070CC05 /* Info.plist */,
			);
			path = iQuiz;
			sourceTree = "<group>";
		};
/* End PBXGroup section */

/* Begin PBXNativeTarget section */
		F06E26F21FAFE0680070CC05 /* iQuiz */ = {
			isa = PBXNativeTarget;
			buildConfigurationList = F06E27051FAFE0680070CC05 /* Build configuration list for PBXNativeTarget "iQuiz" */;
			buildPhases = (
				F06E26EF1FAFE0680070CC05 /* Sources */,
				F06E26F01FAFE0680070CC05 /* Frameworks */,
				F06E26F11FAFE0680070CC05 /* Resources */,
			);
			buildRules = (
			);
			dependencies = (
			);
			name = iQuiz;
			productName = iQuiz;
			productReference = F06E26F31FAFE0680070CC05 /* iQuiz.app */;
			productType = "com.apple.product-type.application";
		};
/* End PBXNativeTarget section */

/* Begin PBXProject section */
		F06E26EB1FAFE0680070CC05 /* Project object */ = {
			isa = PBXProject;
			attributes = {
				LastSwiftUpdateCheck = 0910;
				LastUpgradeCheck = 0910;
				ORGANIZATIONNAME = iGuest;
				TargetAttributes = {
					F06E26F21FAFE0680070CC05 = {
						CreatedOnToolsVersion = 9.1;
						ProvisioningStyle = Automatic;
					};
				};
			};
			buildConfigurationList = F06E26EE1FAFE0680070CC05 /* Build configuration list for PBXProject "iQuiz" */;
			compatibilityVersion = "Xcode 8.0";
			developmentRegion = en;
			hasScannedForEncodings = 0;
			knownRegions = (
				en,
				Base,
			);
			mainGroup = F06E26EA1FAFE0680070CC05;
			productRefGroup = F06E26F41FAFE0680070CC05 /* Products */;
			projectDirPath = "";
			projectRoot = "";
			targets = (
				F06E26F21FAFE0680070CC05 /* iQuiz */,
			);
		};
/* End PBXProject section */

/* Begin PBXResourcesBuildPhase section */
		F06E26F11FAFE0680070CC05 /* Resources */ = {
			isa = PBXResourcesBuildPhase;
			buildActionMask = 2147483647;
			files = (
				F06E27011FAFE0680070CC05 /* LaunchScreen.storyboard in Resources */,
				F06E26FE1FAFE0680070CC05 /* Assets.xcassets in Resources */,
				F06E26FC1FAFE0680070CC05 /* Main.storyboard in Resources */,
			);
			runOnlyForDeploymentPostprocessing = 0;
		};
/* End PBXResourcesBuildPhase section */

/* Begin PBXSourcesBuildPhase section */
		F06E26EF1FAFE0680070CC05 /* Sources */ = {
			isa = PBXSourcesBuildPhase;
			buildActionMask = 2147483647;
			files = (
				F09A0D7B1FB004A700E96A2F /* ViewController.swift in Sources */,
				F06E270D1FAFF10A0070CC05 /* QuizTableViewController.swift in Sources */,
				F06E270F1FAFF54E0070CC05 /* Quiz.swift in Sources */,
				F06E270B1FAFEFF60070CC05 /* QuizCell.swift in Sources */,
				F06E26F71FAFE0680070CC05 /* AppDelegate.swift in Sources */,
			);
			runOnlyForDeploymentPostprocessing = 0;
		};
/* End PBXSourcesBuildPhase section */

/* Begin PBXVariantGroup section */
		F06E26FA1FAFE0680070CC05 /* Main.storyboard */ = {
			isa = PBXVariantGroup;
			children = (
				F06E26FB1FAFE0680070CC05 /* Base */,
			);
			name = Main.storyboard;
			sourceTree = "<group>";
		};
		F06E26FF1FAFE0680070CC05 /* LaunchScreen.storyboard */ = {
			isa = PBXVariantGroup;
			children = (
				F06E27001FAFE0680070CC05 /* Base */,
			);
			name = LaunchScreen.storyboard;
			sourceTree = "<group>";
		};
/* End PBXVariantGroup section */

/* Begin XCBuildConfiguration section */
		F06E27031FAFE0680070CC05 /* Debug */ = {
			isa = XCBuildConfiguration;
			buildSettings = {
				ALWAYS_SEARCH_USER_PATHS = NO;
				CLANG_ANALYZER_NONNULL = YES;
				CLANG_ANALYZER_NUMBER_OBJECT_CONVERSION = YES_AGGRESSIVE;
				CLANG_CXX_LANGUAGE_STANDARD = "gnu++14";
				CLANG_CXX_LIBRARY = "libc++";
				CLANG_ENABLE_MODULES = YES;
				CLANG_ENABLE_OBJC_ARC = YES;
				CLANG_WARN_BLOCK_CAPTURE_AUTORELEASING = YES;
				CLANG_WARN_BOOL_CONVERSION = YES;
				CLANG_WARN_COMMA = YES;
				CLANG_WARN_CONSTANT_CONVERSION = YES;
				CLANG_WARN_DIRECT_OBJC_ISA_USAGE = YES_ERROR;
				CLANG_WARN_DOCUMENTATION_COMMENTS = YES;
				CLANG_WARN_EMPTY_BODY = YES;
				CLANG_WARN_ENUM_CONVERSION = YES;
				CLANG_WARN_INFINITE_RECURSION = YES;
				CLANG_WARN_INT_CONVERSION = YES;
				CLANG_WARN_NON_LITERAL_NULL_CONVERSION = YES;
				CLANG_WARN_OBJC_LITERAL_CONVERSION = YES;
				CLANG_WARN_OBJC_ROOT_CLASS = YES_ERROR;
				CLANG_WARN_RANGE_LOOP_ANALYSIS = YES;
				CLANG_WARN_STRICT_PROTOTYPES = YES;
				CLANG_WARN_SUSPICIOUS_MOVE = YES;
				CLANG_WARN_UNGUARDED_AVAILABILITY = YES_AGGRESSIVE;
				CLANG_WARN_UNREACHABLE_CODE = YES;
				CLANG_WARN__DUPLICATE_METHOD_MATCH = YES;
				CODE_SIGN_IDENTITY = "iPhone Developer";
				COPY_PHASE_STRIP = NO;
				DEBUG_INFORMATION_FORMAT = dwarf;
				ENABLE_STRICT_OBJC_MSGSEND = YES;
				ENABLE_TESTABILITY = YES;
				GCC_C_LANGUAGE_STANDARD = gnu11;
				GCC_DYNAMIC_NO_PIC = NO;
				GCC_NO_COMMON_BLOCKS = YES;
				GCC_OPTIMIZATION_LEVEL = 0;
				GCC_PREPROCESSOR_DEFINITIONS = (
					"DEBUG=1",
					"$(inherited)",
				);
				GCC_WARN_64_TO_32_BIT_CONVERSION = YES;
				GCC_WARN_ABOUT_RETURN_TYPE = YES_ERROR;
				GCC_WARN_UNDECLARED_SELECTOR = YES;
				GCC_WARN_UNINITIALIZED_AUTOS = YES_AGGRESSIVE;
				GCC_WARN_UNUSED_FUNCTION = YES;
				GCC_WARN_UNUSED_VARIABLE = YES;
				IPHONEOS_DEPLOYMENT_TARGET = 11.1;
				MTL_ENABLE_DEBUG_INFO = YES;
				ONLY_ACTIVE_ARCH = YES;
				SDKROOT = iphoneos;
				SWIFT_ACTIVE_COMPILATION_CONDITIONS = DEBUG;
				SWIFT_OPTIMIZATION_LEVEL = "-Onone";
			};
			name = Debug;
		};
		F06E27041FAFE0680070CC05 /* Release */ = {
			isa = XCBuildConfiguration;
			buildSettings = {
				ALWAYS_SEARCH_USER_PATHS = NO;
				CLANG_ANALYZER_NONNULL = YES;
				CLANG_ANALYZER_NUMBER_OBJECT_CONVERSION = YES_AGGRESSIVE;
				CLANG_CXX_LANGUAGE_STANDARD = "gnu++14";
				CLANG_CXX_LIBRARY = "libc++";
				CLANG_ENABLE_MODULES = YES;
				CLANG_ENABLE_OBJC_ARC = YES;
				CLANG_WARN_BLOCK_CAPTURE_AUTORELEASING = YES;
				CLANG_WARN_BOOL_CONVERSION = YES;
				CLANG_WARN_COMMA = YES;
				CLANG_WARN_CONSTANT_CONVERSION = YES;
				CLANG_WARN_DIRECT_OBJC_ISA_USAGE = YES_ERROR;
				CLANG_WARN_DOCUMENTATION_COMMENTS = YES;
				CLANG_WARN_EMPTY_BODY = YES;
				CLANG_WARN_ENUM_CONVERSION = YES;
				CLANG_WARN_INFINITE_RECURSION = YES;
				CLANG_WARN_INT_CONVERSION = YES;
				CLANG_WARN_NON_LITERAL_NULL_CONVERSION = YES;
				CLANG_WARN_OBJC_LITERAL_CONVERSION = YES;
				CLANG_WARN_OBJC_ROOT_CLASS = YES_ERROR;
				CLANG_WARN_RANGE_LOOP_ANALYSIS = YES;
				CLANG_WARN_STRICT_PROTOTYPES = YES;
				CLANG_WARN_SUSPICIOUS_MOVE = YES;
				CLANG_WARN_UNGUARDED_AVAILABILITY = YES_AGGRESSIVE;
				CLANG_WARN_UNREACHABLE_CODE = YES;
				CLANG_WARN__DUPLICATE_METHOD_MATCH = YES;
				CODE_SIGN_IDENTITY = "iPhone Developer";
				COPY_PHASE_STRIP = NO;
				DEBUG_INFORMATION_FORMAT = "dwarf-with-dsym";
				ENABLE_NS_ASSERTIONS = NO;
				ENABLE_STRICT_OBJC_MSGSEND = YES;
				GCC_C_LANGUAGE_STANDARD = gnu11;
				GCC_NO_COMMON_BLOCKS = YES;
				GCC_WARN_64_TO_32_BIT_CONVERSION = YES;
				GCC_WARN_ABOUT_RETURN_TYPE = YES_ERROR;
				GCC_WARN_UNDECLARED_SELECTOR = YES;
				GCC_WARN_UNINITIALIZED_AUTOS = YES_AGGRESSIVE;
				GCC_WARN_UNUSED_FUNCTION = YES;
				GCC_WARN_UNUSED_VARIABLE = YES;
				IPHONEOS_DEPLOYMENT_TARGET = 11.1;
				MTL_ENABLE_DEBUG_INFO = NO;
				SDKROOT = iphoneos;
				SWIFT_OPTIMIZATION_LEVEL = "-Owholemodule";
				VALIDATE_PRODUCT = YES;
			};
			name = Release;
		};
		F06E27061FAFE0680070CC05 /* Debug */ = {
			isa = XCBuildConfiguration;
			buildSettings = {
				ASSETCATALOG_COMPILER_APPICON_NAME = AppIcon;
				CODE_SIGN_STYLE = Automatic;
				DEVELOPMENT_TEAM = MGH6F4S7LB;
				INFOPLIST_FILE = iQuiz/Info.plist;
				LD_RUNPATH_SEARCH_PATHS = "$(inherited) @executable_path/Frameworks";
				PRODUCT_BUNDLE_IDENTIFIER = edu.uw.ischool.iQuiz;
				PRODUCT_NAME = "$(TARGET_NAME)";
				SWIFT_VERSION = 4.0;
				TARGETED_DEVICE_FAMILY = "1,2";
			};
			name = Debug;
		};
		F06E27071FAFE0680070CC05 /* Release */ = {
			isa = XCBuildConfiguration;
			buildSettings = {
				ASSETCATALOG_COMPILER_APPICON_NAME = AppIcon;
				CODE_SIGN_STYLE = Automatic;
				DEVELOPMENT_TEAM = MGH6F4S7LB;
				INFOPLIST_FILE = iQuiz/Info.plist;
				LD_RUNPATH_SEARCH_PATHS = "$(inherited) @executable_path/Frameworks";
				PRODUCT_BUNDLE_IDENTIFIER = edu.uw.ischool.iQuiz;
				PRODUCT_NAME = "$(TARGET_NAME)";
				SWIFT_VERSION = 4.0;
				TARGETED_DEVICE_FAMILY = "1,2";
			};
			name = Release;
		};
/* End XCBuildConfiguration section */

/* Begin XCConfigurationList section */
		F06E26EE1FAFE0680070CC05 /* Build configuration list for PBXProject "iQuiz" */ = {
			isa = XCConfigurationList;
			buildConfigurations = (
				F06E27031FAFE0680070CC05 /* Debug */,
				F06E27041FAFE0680070CC05 /* Release */,
			);
			defaultConfigurationIsVisible = 0;
			defaultConfigurationName = Release;
		};
		F06E27051FAFE0680070CC05 /* Build configuration list for PBXNativeTarget "iQuiz" */ = {
			isa = XCConfigurationList;
			buildConfigurations = (
				F06E27061FAFE0680070CC05 /* Debug */,
				F06E27071FAFE0680070CC05 /* Release */,
			);
			defaultConfigurationIsVisible = 0;
			defaultConfigurationName = Release;
		};
/* End XCConfigurationList section */
	};
	rootObject = F06E26EB1FAFE0680070CC05 /* Project object */;
}
